
Microsoft Visual Studio Solution File, Format Version 12.00
# Visual Studio Version 17
VisualStudioVersion = 17.7.34024.191
MinimumVisualStudioVersion = 10.0.40219.1
Project("{FAE04EC0-301F-11D3-BF4B-00C04F79EFBC}") = "Consumer", "Client\Consumer.csproj", "{D472425C-0EA2-4B81-9F5C-26CCA37D40BB}"
EndProject
Project("{FAE04EC0-301F-11D3-BF4B-00C04F79EFBC}") = "Publisher", "Publisher\Publisher.csproj", "{9C05BAD4-C794-4487-99F9-189ECDFA7224}"
EndProject
Global
	GlobalSection(SolutionConfigurationPlatforms) = preSolution
		Debug|Any CPU = Debug|Any CPU
		Release|Any CPU = Release|Any CPU
	EndGlobalSection
	GlobalSection(ProjectConfigurationPlatforms) = postSolution
		{D472425C-0EA2-4B81-9F5C-26CCA37D40BB}.Debug|Any CPU.ActiveCfg = Debug|Any CPU
		{D472425C-0EA2-4B81-9F5C-26CCA37D40BB}.Debug|Any CPU.Build.0 = Debug|Any CPU
		{D472425C-0EA2-4B81-9F5C-26CCA37D40BB}.Release|Any CPU.ActiveCfg = Release|Any CPU
		{D472425C-0EA2-4B81-9F5C-26CCA37D40BB}.Release|Any CPU.Build.0 = Release|Any CPU
		{9C05BAD4-C794-4487-99F9-189ECDFA7224}.Debug|Any CPU.ActiveCfg = Debug|Any CPU
		{9C05BAD4-C794-4487-99F9-189ECDFA7224}.Debug|Any CPU.Build.0 = Debug|Any CPU
		{9C05BAD4-C794-4487-99F9-189ECDFA7224}.Release|Any CPU.ActiveCfg = Release|Any CPU
		{9C05BAD4-C794-4487-99F9-189ECDFA7224}.Release|Any CPU.Build.0 = Release|Any CPU
	EndGlobalSection
	GlobalSection(SolutionProperties) = preSolution
		HideSolutionNode = FALSE
	EndGlobalSection
	GlobalSection(ExtensibilityGlobals) = postSolution
		SolutionGuid = {39817D0E-9441-490D-9B66-C7F50301FFCA}
	EndGlobalSection
EndGlobal
